{
  "R": {
    "Version": "4.3.1",
    "Repositories": [
      {
        "Name": "CRAN",
        "URL": "https://mirrors.sustech.edu.cn/CRAN"
      }
    ]
  },
  "Packages": {
    "GUniFrac": {
      "Package": "GUniFrac",
      "Version": "1.8",
      "Source": "Repository",
      "Repository": "CRAN",
      "Requirements": [
        "MASS",
        "Matrix",
        "R",
        "Rcpp",
        "ape",
        "dirmult",
        "foreach",
        "ggplot2",
        "ggrepel",
        "inline",
        "matrixStats",
        "methods",
        "modeest",
        "parallel",
        "rmutil",
        "statmod",
        "stats",
        "utils",
        "vegan"
      ],
      "Hash": "78bcc6a841148ccaae74a7d50f192f08"
    },
    "MASS": {
      "Package": "MASS",
      "Version": "7.3-60",
      "Source": "Repository",
      "Repository": "CRAN",
      "Requirements": [
        "R",
        "grDevices",
        "graphics",
        "methods",
        "stats",
        "utils"
      ],
      "Hash": "a56a6365b3fa73293ea8d084be0d9bb0"
    },
    "Matrix": {
      "Package": "Matrix",
      "Version": "1.6-3",
      "Source": "Repository",
      "Repository": "CRAN",
      "Requirements": [
        "R",
        "grDevices",
        "graphics",
        "grid",
        "lattice",
        "methods",
        "stats",
        "utils"
      ],
      "Hash": "1d1b6901cf9b6b1b446bc56a7d47efa4"
    },
    "MicrobiomeStat": {
      "Package": "MicrobiomeStat",
      "Version": "1.1.3",
      "Source": "GitHub",
      "RemoteType": "github",
      "RemoteHost": "api.github.com",
      "RemoteRepo": "MicrobiomeStat",
      "RemoteUsername": "cafferychen777",
      "RemoteRef": "HEAD",
      "RemoteSha": "8fca3a355f83c2589cf6528e149a1cdd69a9e001",
      "Requirements": [
        "GUniFrac",
        "R",
        "ape",
        "dplyr",
        "foreach",
        "ggh4x",
        "ggplot2",
        "knitr",
        "lmerTest",
        "matrixStats",
        "modeest",
        "pander",
        "pheatmap",
        "rlang",
        "rmarkdown",
        "scales",
        "stringr",
        "tibble",
        "tidyr",
        "tinytex",
        "vegan"
      ],
      "Hash": "f70809eb05f9552844451ebdb3a28c50"
    },
    "R6": {
      "Package": "R6",
      "Version": "2.5.1",
      "Source": "Repository",
      "Repository": "CRAN",
      "Requirements": [
        "R"
      ],
      "Hash": "470851b6d5d0ac559e9d01bb352b4021"
    },
    "RColorBrewer": {
      "Package": "RColorBrewer",
      "Version": "1.1-3",
      "Source": "Repository",
      "Repository": "CRAN",
      "Requirements": [
        "R"
      ],
      "Hash": "45f0398006e83a5b10b72a90663d8d8c"
    },
    "Rcpp": {
      "Package": "Rcpp",
      "Version": "1.0.12",
      "Source": "Repository",
      "Repository": "CRAN",
      "Requirements": [
        "methods",
        "utils"
      ],
      "Hash": "5ea2700d21e038ace58269ecdbeb9ec0"
    },
    "RcppEigen": {
      "Package": "RcppEigen",
      "Version": "0.3.4.0.0",
      "Source": "Repository",
      "Repository": "CRAN",
      "Requirements": [
        "R",
        "Rcpp",
        "stats",
        "utils"
      ],
      "Hash": "df49e3306f232ec28f1604e36a202847"
    },
    "ape": {
      "Package": "ape",
      "Version": "5.7-1",
      "Source": "Repository",
      "Repository": "CRAN",
      "Requirements": [
        "R",
        "Rcpp",
        "digest",
        "graphics",
        "lattice",
        "methods",
        "nlme",
        "parallel",
        "stats",
        "utils"
      ],
      "Hash": "10705eec964349f270504754d8fe8ef1"
    },
    "aplot": {
      "Package": "aplot",
      "Version": "0.2.2",
      "Source": "Repository",
      "Repository": "CRAN",
      "Requirements": [
        "R",
        "ggfun",
        "ggplot2",
        "ggplotify",
        "magrittr",
        "methods",
        "patchwork",
        "utils"
      ],
      "Hash": "869a35e6d38fe9936eb578e09091842b"
    },
    "askpass": {
      "Package": "askpass",
      "Version": "1.2.0",
      "Source": "Repository",
      "Repository": "CRAN",
      "Requirements": [
        "sys"
      ],
      "Hash": "cad6cf7f1d5f6e906700b9d3e718c796"
    },
    "base64enc": {
      "Package": "base64enc",
      "Version": "0.1-3",
      "Source": "Repository",
      "Repository": "CRAN",
      "Requirements": [
        "R"
      ],
      "Hash": "543776ae6848fde2f48ff3816d0628bc"
    },
    "boot": {
      "Package": "boot",
      "Version": "1.3-28.1",
      "Source": "Repository",
      "Repository": "CRAN",
      "Requirements": [
        "R",
        "graphics",
        "stats"
      ],
      "Hash": "9a052fbcbe97a98ceb18dbfd30ebd96e"
    },
    "brio": {
      "Package": "brio",
      "Version": "1.1.4",
      "Source": "Repository",
      "Repository": "CRAN",
      "Requirements": [
        "R"
      ],
      "Hash": "68bd2b066e1fe780bbf62fc8bcc36de3"
    },
    "bslib": {
      "Package": "bslib",
      "Version": "0.6.1",
      "Source": "Repository",
      "Repository": "CRAN",
      "Requirements": [
        "R",
        "base64enc",
        "cachem",
        "grDevices",
        "htmltools",
        "jquerylib",
        "jsonlite",
        "lifecycle",
        "memoise",
        "mime",
        "rlang",
        "sass"
      ],
      "Hash": "c0d8599494bc7fb408cd206bbdd9cab0"
    },
    "cachem": {
      "Package": "cachem",
      "Version": "1.0.8",
      "Source": "Repository",
      "Repository": "CRAN",
      "Requirements": [
        "fastmap",
        "rlang"
      ],
      "Hash": "c35768291560ce302c0a6589f92e837d"
    },
    "callr": {
      "Package": "callr",
      "Version": "3.7.5",
      "Source": "Repository",
      "Repository": "CRAN",
      "Requirements": [
        "R",
        "R6",
        "processx",
        "utils"
      ],
      "Hash": "9f0e4fae4963ba775a5e5c520838c87b"
    },
    "cli": {
      "Package": "cli",
      "Version": "3.6.2",
      "Source": "Repository",
      "Repository": "CRAN",
      "Requirements": [
        "R",
        "utils"
      ],
      "Hash": "1216ac65ac55ec0058a6f75d7ca0fd52"
    },
    "clue": {
      "Package": "clue",
      "Version": "0.3-65",
      "Source": "Repository",
      "Repository": "CRAN",
      "Requirements": [
        "R",
        "cluster",
        "graphics",
        "methods",
        "stats"
      ],
      "Hash": "d6b53853800595408a776900bcc0c23f"
    },
    "cluster": {
      "Package": "cluster",
      "Version": "2.1.4",
      "Source": "Repository",
      "Repository": "CRAN",
      "Requirements": [
        "R",
        "grDevices",
        "graphics",
        "stats",
        "utils"
      ],
      "Hash": "5edbbabab6ce0bf7900a74fd4358628e"
    },
    "codetools": {
      "Package": "codetools",
      "Version": "0.2-19",
      "Source": "Repository",
      "Repository": "CRAN",
      "Requirements": [
        "R"
      ],
      "Hash": "c089a619a7fae175d149d89164f8c7d8"
    },
    "colorspace": {
      "Package": "colorspace",
      "Version": "2.1-0",
      "Source": "Repository",
      "Repository": "CRAN",
      "Requirements": [
        "R",
        "grDevices",
        "graphics",
        "methods",
        "stats"
      ],
      "Hash": "f20c47fd52fae58b4e377c37bb8c335b"
    },
    "commonmark": {
      "Package": "commonmark",
      "Version": "1.9.0",
      "Source": "Repository",
      "Repository": "CRAN",
      "Hash": "d691c61bff84bd63c383874d2d0c3307"
    },
    "cpp11": {
      "Package": "cpp11",
      "Version": "0.4.7",
      "Source": "Repository",
      "Repository": "CRAN",
      "Requirements": [
        "R"
      ],
      "Hash": "5a295d7d963cc5035284dcdbaf334f4e"
    },
    "crayon": {
      "Package": "crayon",
      "Version": "1.5.2",
      "Source": "Repository",
      "Repository": "CRAN",
      "Requirements": [
        "grDevices",
        "methods",
        "utils"
      ],
      "Hash": "e8a1e41acf02548751f45c718d55aa6a"
    },
    "curl": {
      "Package": "curl",
      "Version": "5.1.0",
      "Source": "Repository",
      "Repository": "CRAN",
      "Requirements": [
        "R"
      ],
      "Hash": "9123f3ef96a2c1a93927d828b2fe7d4c"
    },
    "desc": {
      "Package": "desc",
      "Version": "1.4.3",
      "Source": "Repository",
      "Repository": "CRAN",
      "Requirements": [
        "R",
        "R6",
        "cli",
        "utils"
      ],
      "Hash": "99b79fcbd6c4d1ce087f5c5c758b384f"
    },
    "diffobj": {
      "Package": "diffobj",
      "Version": "0.3.5",
      "Source": "Repository",
      "Repository": "CRAN",
      "Requirements": [
        "R",
        "crayon",
        "methods",
        "stats",
        "tools",
        "utils"
      ],
      "Hash": "bcaa8b95f8d7d01a5dedfd959ce88ab8"
    },
    "digest": {
      "Package": "digest",
      "Version": "0.6.35",
      "Source": "Repository",
      "Repository": "CRAN",
      "Requirements": [
        "R",
        "utils"
      ],
      "Hash": "698ece7ba5a4fa4559e3d537e7ec3d31"
    },
    "dirmult": {
      "Package": "dirmult",
      "Version": "0.1.3-5",
      "Source": "Repository",
      "Repository": "CRAN",
      "Requirements": [
        "R"
      ],
      "Hash": "641fe6277ddd500835ba5cf4ce24013f"
    },
    "dplyr": {
      "Package": "dplyr",
      "Version": "1.1.4",
      "Source": "Repository",
      "Repository": "CRAN",
      "Requirements": [
        "R",
        "R6",
        "cli",
        "generics",
        "glue",
        "lifecycle",
        "magrittr",
        "methods",
        "pillar",
        "rlang",
        "tibble",
        "tidyselect",
        "utils",
        "vctrs"
      ],
      "Hash": "fedd9d00c2944ff00a0e2696ccf048ec"
    },
    "ellipsis": {
      "Package": "ellipsis",
      "Version": "0.3.2",
      "Source": "Repository",
      "Repository": "CRAN",
      "Requirements": [
        "R",
        "rlang"
      ],
      "Hash": "bb0eec2fe32e88d9e2836c2f73ea2077"
    },
    "evaluate": {
      "Package": "evaluate",
      "Version": "0.23",
      "Source": "Repository",
      "Repository": "CRAN",
      "Requirements": [
        "R",
        "methods"
      ],
      "Hash": "daf4a1246be12c1fa8c7705a0935c1a0"
    },
    "fBasics": {
      "Package": "fBasics",
      "Version": "4032.96",
      "Source": "Repository",
      "Repository": "CRAN",
      "Requirements": [
        "MASS",
        "R",
        "grDevices",
        "graphics",
        "gss",
        "methods",
        "spatial",
        "stabledist",
        "stats",
        "timeDate",
        "timeSeries",
        "utils"
      ],
      "Hash": "759720c72b63f5314855d42e62702918"
    },
    "fansi": {
      "Package": "fansi",
      "Version": "1.0.6",
      "Source": "Repository",
      "Repository": "CRAN",
      "Requirements": [
        "R",
        "grDevices",
        "utils"
      ],
      "Hash": "962174cf2aeb5b9eea581522286a911f"
    },
    "farver": {
      "Package": "farver",
      "Version": "2.1.1",
      "Source": "Repository",
      "Repository": "CRAN",
      "Hash": "8106d78941f34855c440ddb946b8f7a5"
    },
    "fastmap": {
      "Package": "fastmap",
      "Version": "1.1.1",
      "Source": "Repository",
      "Repository": "CRAN",
      "Hash": "f7736a18de97dea803bde0a2daaafb27"
    },
    "fontawesome": {
      "Package": "fontawesome",
      "Version": "0.5.2",
      "Source": "Repository",
      "Repository": "CRAN",
      "Requirements": [
        "R",
        "htmltools",
        "rlang"
      ],
      "Hash": "c2efdd5f0bcd1ea861c2d4e2a883a67d"
    },
    "forcats": {
      "Package": "forcats",
      "Version": "1.0.0",
      "Source": "Repository",
      "Repository": "CRAN",
      "Requirements": [
        "R",
        "cli",
        "glue",
        "lifecycle",
        "magrittr",
        "rlang",
        "tibble"
      ],
      "Hash": "1a0a9a3d5083d0d573c4214576f1e690"
    },
    "foreach": {
      "Package": "foreach",
      "Version": "1.5.2",
      "Source": "Repository",
      "Repository": "CRAN",
      "Requirements": [
        "R",
        "codetools",
        "iterators",
        "utils"
      ],
      "Hash": "618609b42c9406731ead03adf5379850"
    },
    "fs": {
      "Package": "fs",
      "Version": "1.6.3",
      "Source": "Repository",
      "Repository": "CRAN",
      "Requirements": [
        "R",
        "methods"
      ],
      "Hash": "47b5f30c720c23999b913a1a635cf0bb"
    },
    "generics": {
      "Package": "generics",
      "Version": "0.1.3",
      "Source": "Repository",
      "Repository": "CRAN",
      "Requirements": [
        "R",
        "methods"
      ],
      "Hash": "15e9634c0fcd294799e9b2e929ed1b86"
    },
    "ggfun": {
      "Package": "ggfun",
      "Version": "0.1.3",
      "Source": "Repository",
      "Repository": "CRAN",
      "Requirements": [
        "R",
        "cli",
        "ggplot2",
        "grid",
        "rlang",
        "utils"
      ],
      "Hash": "4657d320971a330ecffd0e1260f58214"
    },
    "ggh4x": {
      "Package": "ggh4x",
      "Version": "0.2.8",
      "Source": "Repository",
      "Repository": "CRAN",
      "Requirements": [
        "cli",
        "ggplot2",
        "grid",
        "gtable",
        "lifecycle",
        "rlang",
        "scales",
        "stats",
        "vctrs"
      ],
      "Hash": "012d7705b4cdc7b5ee89895aeefc1d45"
    },
    "ggplot2": {
      "Package": "ggplot2",
      "Version": "3.5.0",
      "Source": "Repository",
      "Repository": "CRAN",
      "Requirements": [
        "MASS",
        "R",
        "cli",
        "glue",
        "grDevices",
        "grid",
        "gtable",
        "isoband",
        "lifecycle",
        "mgcv",
        "rlang",
        "scales",
        "stats",
        "tibble",
        "vctrs",
        "withr"
      ],
      "Hash": "52ef83f93f74833007f193b2d4c159a2"
    },
    "ggplotify": {
      "Package": "ggplotify",
      "Version": "0.1.2",
      "Source": "Repository",
      "Repository": "CRAN",
      "Requirements": [
        "R",
        "ggplot2",
        "grDevices",
        "graphics",
        "grid",
        "gridGraphics",
        "yulab.utils"
      ],
      "Hash": "1547863db3b472cf7181973acf649f1a"
    },
    "ggrepel": {
      "Package": "ggrepel",
      "Version": "0.9.5",
      "Source": "Repository",
      "Repository": "CRAN",
      "Requirements": [
        "R",
        "Rcpp",
        "ggplot2",
        "grid",
        "rlang",
        "scales",
        "withr"
      ],
      "Hash": "cc3361e234c4a5050e29697d675764aa"
    },
    "glue": {
      "Package": "glue",
      "Version": "1.7.0",
      "Source": "Repository",
      "Repository": "CRAN",
      "Requirements": [
        "R",
        "methods"
      ],
      "Hash": "e0b3a53876554bd45879e596cdb10a52"
    },
    "gridGraphics": {
      "Package": "gridGraphics",
      "Version": "0.5-1",
      "Source": "Repository",
      "Repository": "CRAN",
      "Requirements": [
        "grDevices",
        "graphics",
        "grid"
      ],
      "Hash": "5b79228594f02385d4df4979284879ae"
    },
    "gss": {
      "Package": "gss",
      "Version": "2.2-7",
      "Source": "Repository",
      "Repository": "CRAN",
      "Requirements": [
        "R",
        "stats"
      ],
      "Hash": "09fad899b122f51686fdb017943e56fb"
    },
    "gtable": {
      "Package": "gtable",
      "Version": "0.3.4",
      "Source": "Repository",
      "Repository": "CRAN",
      "Requirements": [
        "R",
        "cli",
        "glue",
        "grid",
        "lifecycle",
        "rlang"
      ],
      "Hash": "b29cf3031f49b04ab9c852c912547eef"
    },
    "highr": {
      "Package": "highr",
      "Version": "0.10",
      "Source": "Repository",
      "Repository": "CRAN",
      "Requirements": [
        "R",
        "xfun"
      ],
      "Hash": "06230136b2d2b9ba5805e1963fa6e890"
    },
    "htmltools": {
      "Package": "htmltools",
      "Version": "0.5.7",
      "Source": "Repository",
      "Repository": "CRAN",
      "Requirements": [
        "R",
        "base64enc",
        "digest",
        "ellipsis",
        "fastmap",
        "grDevices",
        "rlang",
        "utils"
      ],
      "Hash": "2d7b3857980e0e0d0a1fd6f11928ab0f"
    },
    "httpuv": {
      "Package": "httpuv",
      "Version": "1.6.12",
      "Source": "Repository",
      "Repository": "CRAN",
      "Requirements": [
        "R",
        "R6",
        "Rcpp",
        "later",
        "promises",
        "utils"
      ],
      "Hash": "c992f75861325961c29a188b45e549f7"
    },
    "inline": {
      "Package": "inline",
      "Version": "0.3.19",
      "Source": "Repository",
      "Repository": "CRAN",
      "Requirements": [
        "methods"
      ],
      "Hash": "1deaf1de3eac7e1d3377954b3a283652"
    },
    "isoband": {
      "Package": "isoband",
      "Version": "0.2.7",
      "Source": "Repository",
      "Repository": "CRAN",
      "Requirements": [
        "grid",
        "utils"
      ],
      "Hash": "0080607b4a1a7b28979aecef976d8bc2"
    },
    "iterators": {
      "Package": "iterators",
      "Version": "1.0.14",
      "Source": "Repository",
      "Repository": "CRAN",
      "Requirements": [
        "R",
        "utils"
      ],
      "Hash": "8954069286b4b2b0d023d1b288dce978"
    },
    "jquerylib": {
      "Package": "jquerylib",
      "Version": "0.1.4",
      "Source": "Repository",
      "Repository": "CRAN",
      "Requirements": [
        "htmltools"
      ],
      "Hash": "5aab57a3bd297eee1c1d862735972182"
    },
    "jsonlite": {
      "Package": "jsonlite",
      "Version": "1.8.8",
      "Source": "Repository",
      "Repository": "CRAN",
      "Requirements": [
        "methods"
      ],
      "Hash": "e1b9c55281c5adc4dd113652d9e26768"
    },
    "knitr": {
      "Package": "knitr",
      "Version": "1.45",
      "Source": "Repository",
      "Repository": "CRAN",
      "Requirements": [
        "R",
        "evaluate",
        "highr",
        "methods",
        "tools",
        "xfun",
        "yaml"
      ],
      "Hash": "1ec462871063897135c1bcbe0fc8f07d"
    },
    "labeling": {
      "Package": "labeling",
      "Version": "0.4.3",
      "Source": "Repository",
      "Repository": "CRAN",
      "Requirements": [
        "graphics",
        "stats"
      ],
      "Hash": "b64ec208ac5bc1852b285f665d6368b3"
    },
    "later": {
      "Package": "later",
      "Version": "1.3.1",
      "Source": "Repository",
      "Repository": "CRAN",
      "Requirements": [
        "Rcpp",
        "rlang"
      ],
      "Hash": "40401c9cf2bc2259dfe83311c9384710"
    },
    "lattice": {
      "Package": "lattice",
      "Version": "0.22-5",
      "Source": "Repository",
      "Repository": "CRAN",
      "Requirements": [
        "R",
        "grDevices",
        "graphics",
        "grid",
        "stats",
        "utils"
      ],
      "Hash": "7c5e89f04e72d6611c77451f6331a091"
    },
    "lifecycle": {
      "Package": "lifecycle",
      "Version": "1.0.4",
      "Source": "Repository",
      "Repository": "CRAN",
      "Requirements": [
        "R",
        "cli",
        "glue",
        "rlang"
      ],
      "Hash": "b8552d117e1b808b09a832f589b79035"
    },
    "lme4": {
      "Package": "lme4",
      "Version": "1.1-35.1",
      "Source": "Repository",
      "Repository": "CRAN",
      "Requirements": [
        "MASS",
        "Matrix",
        "R",
        "Rcpp",
        "RcppEigen",
        "boot",
        "graphics",
        "grid",
        "lattice",
        "methods",
        "minqa",
        "nlme",
        "nloptr",
        "parallel",
        "splines",
        "stats",
        "utils"
      ],
      "Hash": "07fb0c5b727b15b0ce40feb641498e4e"
    },
    "lmerTest": {
      "Package": "lmerTest",
      "Version": "3.1-3",
      "Source": "Repository",
      "Repository": "CRAN",
      "Requirements": [
        "MASS",
        "R",
        "ggplot2",
        "lme4",
        "methods",
        "numDeriv",
        "stats"
      ],
      "Hash": "f04948de84602afc23bfa9f5427e954d"
    },
    "magrittr": {
      "Package": "magrittr",
      "Version": "2.0.3",
      "Source": "Repository",
      "Repository": "CRAN",
      "Requirements": [
        "R"
      ],
      "Hash": "7ce2733a9826b3aeb1775d56fd305472"
    },
    "matrixStats": {
      "Package": "matrixStats",
      "Version": "1.2.0",
      "Source": "Repository",
      "Repository": "CRAN",
      "Requirements": [
        "R"
      ],
      "Hash": "33a3ca9e732b57244d14f5d732ffc9eb"
    },
    "memoise": {
      "Package": "memoise",
      "Version": "2.0.1",
      "Source": "Repository",
      "Repository": "CRAN",
      "Requirements": [
        "cachem",
        "rlang"
      ],
      "Hash": "e2817ccf4a065c5d9d7f2cfbe7c1d78c"
    },
    "mgcv": {
      "Package": "mgcv",
      "Version": "1.9-0",
      "Source": "Repository",
      "Repository": "CRAN",
      "Requirements": [
        "Matrix",
        "R",
        "graphics",
        "methods",
        "nlme",
        "splines",
        "stats",
        "utils"
      ],
      "Hash": "086028ca0460d0c368028d3bda58f31b"
    },
    "mime": {
      "Package": "mime",
      "Version": "0.12",
      "Source": "Repository",
      "Repository": "CRAN",
      "Requirements": [
        "tools"
      ],
      "Hash": "18e9c28c1d3ca1560ce30658b22ce104"
    },
    "minqa": {
      "Package": "minqa",
      "Version": "1.2.6",
      "Source": "Repository",
      "Repository": "CRAN",
      "Requirements": [
        "Rcpp"
      ],
      "Hash": "f48238f8d4740426ca12f53f27d004dd"
    },
    "modeest": {
      "Package": "modeest",
      "Version": "2.4.0",
      "Source": "Repository",
      "Repository": "CRAN",
      "Requirements": [
        "R",
        "fBasics",
        "stable",
        "stabledist",
        "statip",
        "stats"
      ],
      "Hash": "af93fbfa4f5fceb8d36d736ebc4b0982"
    },
    "munsell": {
      "Package": "munsell",
      "Version": "0.5.0",
      "Source": "Repository",
      "Repository": "CRAN",
      "Requirements": [
        "colorspace",
        "methods"
      ],
      "Hash": "6dfe8bf774944bd5595785e3229d8771"
    },
    "nlme": {
      "Package": "nlme",
      "Version": "3.1-163",
      "Source": "Repository",
      "Repository": "CRAN",
      "Requirements": [
        "R",
        "graphics",
        "lattice",
        "stats",
        "utils"
      ],
      "Hash": "8d1938040a05566f4f7a14af4feadd6b"
    },
    "nloptr": {
      "Package": "nloptr",
      "Version": "2.0.3",
      "Source": "Repository",
      "Repository": "CRAN",
      "Requirements": [
        "testthat"
      ],
      "Hash": "277c67a08f358f42b6a77826e4492f79"
    },
    "numDeriv": {
      "Package": "numDeriv",
      "Version": "2016.8-1.1",
      "Source": "Repository",
      "Repository": "CRAN",
      "Requirements": [
        "R"
      ],
      "Hash": "df58958f293b166e4ab885ebcad90e02"
    },
    "openssl": {
      "Package": "openssl",
      "Version": "2.1.1",
      "Source": "Repository",
      "Repository": "CRAN",
      "Requirements": [
        "askpass"
      ],
      "Hash": "2a0dc8c6adfb6f032e4d4af82d258ab5"
    },
    "packrat": {
      "Package": "packrat",
      "Version": "0.9.2",
      "Source": "Repository",
      "Repository": "CRAN",
      "Requirements": [
        "R",
        "tools",
        "utils"
      ],
      "Hash": "55ddd2d4a1959535f18393478b0c14a6"
    },
    "pander": {
      "Package": "pander",
      "Version": "0.6.5",
      "Source": "Repository",
      "Repository": "CRAN",
      "Requirements": [
        "R",
        "Rcpp",
        "digest",
        "grDevices",
        "graphics",
        "methods",
        "stats",
        "tools",
        "utils"
      ],
      "Hash": "737924139a1e4fc96356ff377c754c35"
    },
    "patchwork": {
      "Package": "patchwork",
      "Version": "1.1.3",
      "Source": "Repository",
      "Repository": "CRAN",
      "Requirements": [
        "cli",
        "ggplot2",
        "grDevices",
        "graphics",
        "grid",
        "gtable",
        "rlang",
        "stats",
        "utils"
      ],
      "Hash": "c5754106c02e8e019941100c81149431"
    },
    "permute": {
      "Package": "permute",
      "Version": "0.9-7",
      "Source": "Repository",
      "Repository": "CRAN",
      "Requirements": [
        "R",
        "stats"
      ],
      "Hash": "abf0ca85c1c752e0d04f46334e635046"
    },
    "pheatmap": {
      "Package": "pheatmap",
      "Version": "1.0.12",
      "Source": "Repository",
      "Repository": "CRAN",
      "Requirements": [
        "R",
        "RColorBrewer",
        "grDevices",
        "graphics",
        "grid",
        "gtable",
        "scales",
        "stats"
      ],
      "Hash": "db1fb0021811b6693741325bbe916e58"
    },
    "pillar": {
      "Package": "pillar",
      "Version": "1.9.0",
      "Source": "Repository",
      "Repository": "CRAN",
      "Requirements": [
        "cli",
        "fansi",
        "glue",
        "lifecycle",
        "rlang",
        "utf8",
        "utils",
        "vctrs"
      ],
      "Hash": "15da5a8412f317beeee6175fbc76f4bb"
    },
    "pkgbuild": {
      "Package": "pkgbuild",
      "Version": "1.4.4",
      "Source": "Repository",
      "Repository": "CRAN",
      "Requirements": [
        "R",
        "R6",
        "callr",
        "cli",
        "desc",
        "processx"
      ],
      "Hash": "a29e8e134a460a01e0ca67a4763c595b"
    },
    "pkgconfig": {
      "Package": "pkgconfig",
      "Version": "2.0.3",
      "Source": "Repository",
      "Repository": "CRAN",
      "Requirements": [
        "utils"
      ],
      "Hash": "01f28d4278f15c76cddbea05899c5d6f"
    },
    "pkgload": {
      "Package": "pkgload",
      "Version": "1.3.4",
      "Source": "Repository",
      "Repository": "CRAN",
      "Requirements": [
        "R",
        "cli",
        "crayon",
        "desc",
        "fs",
        "glue",
        "methods",
        "pkgbuild",
        "rlang",
        "rprojroot",
        "utils",
        "withr"
      ],
      "Hash": "876c618df5ae610be84356d5d7a5d124"
    },
    "praise": {
      "Package": "praise",
      "Version": "1.0.0",
      "Source": "Repository",
      "Repository": "CRAN",
      "Hash": "a555924add98c99d2f411e37e7d25e9f"
    },
    "processx": {
      "Package": "processx",
      "Version": "3.8.4",
      "Source": "Repository",
      "Repository": "CRAN",
      "Requirements": [
        "R",
        "R6",
        "ps",
        "utils"
      ],
      "Hash": "0c90a7d71988856bad2a2a45dd871bb9"
    },
    "promises": {
      "Package": "promises",
      "Version": "1.2.1",
      "Source": "Repository",
      "Repository": "CRAN",
      "Requirements": [
        "R6",
        "Rcpp",
        "fastmap",
        "later",
        "magrittr",
        "rlang",
        "stats"
      ],
      "Hash": "0d8a15c9d000970ada1ab21405387dee"
    },
    "ps": {
      "Package": "ps",
      "Version": "1.7.6",
      "Source": "Repository",
      "Repository": "CRAN",
      "Requirements": [
        "R",
        "utils"
      ],
      "Hash": "dd2b9319ee0656c8acf45c7f40c59de7"
    },
    "purrr": {
      "Package": "purrr",
      "Version": "1.0.2",
      "Source": "Repository",
      "Repository": "CRAN",
      "Requirements": [
        "R",
        "cli",
        "lifecycle",
        "magrittr",
        "rlang",
        "vctrs"
      ],
      "Hash": "1cba04a4e9414bdefc9dcaa99649a8dc"
    },
    "rappdirs": {
      "Package": "rappdirs",
      "Version": "0.3.3",
      "Source": "Repository",
      "Repository": "CRAN",
      "Requirements": [
        "R"
      ],
      "Hash": "5e3c5dc0b071b21fa128676560dbe94d"
    },
    "rematch2": {
      "Package": "rematch2",
      "Version": "2.1.2",
      "Source": "Repository",
      "Repository": "CRAN",
      "Requirements": [
        "tibble"
      ],
      "Hash": "76c9e04c712a05848ae7a23d2f170a40"
    },
    "renv": {
      "Package": "renv",
      "Version": "1.0.3",
      "Source": "Repository",
      "Repository": "CRAN",
      "Requirements": [
        "utils"
      ],
      "Hash": "41b847654f567341725473431dd0d5ab"
    },
    "rlang": {
      "Package": "rlang",
      "Version": "1.1.3",
      "Source": "Repository",
      "Repository": "CRAN",
      "Requirements": [
        "R",
        "utils"
      ],
      "Hash": "42548638fae05fd9a9b5f3f437fbbbe2"
    },
    "rmarkdown": {
      "Package": "rmarkdown",
      "Version": "2.26",
      "Source": "Repository",
      "Repository": "CRAN",
      "Requirements": [
        "R",
        "bslib",
        "evaluate",
        "fontawesome",
        "htmltools",
        "jquerylib",
        "jsonlite",
        "knitr",
        "methods",
        "tinytex",
        "tools",
        "utils",
        "xfun",
        "yaml"
      ],
      "Hash": "9b148e7f95d33aac01f31282d49e4f44"
    },
    "rmutil": {
      "Package": "rmutil",
      "Version": "1.1.10",
      "Source": "Repository",
      "Repository": "CRAN",
      "Requirements": [
        "R"
      ],
      "Hash": "79c22a87416140a5c2252be2f89938dd"
    },
    "rpart": {
      "Package": "rpart",
      "Version": "4.1.21",
      "Source": "Repository",
      "Repository": "CRAN",
      "Requirements": [
        "R",
        "grDevices",
        "graphics",
        "stats"
      ],
      "Hash": "d5bc1a16e01e50e08581f0c362d3955d"
    },
    "rprojroot": {
      "Package": "rprojroot",
      "Version": "2.0.4",
      "Source": "Repository",
      "Repository": "CRAN",
      "Requirements": [
        "R"
      ],
      "Hash": "4c8415e0ec1e29f3f4f6fc108bef0144"
    },
    "rsconnect": {
      "Package": "rsconnect",
      "Version": "1.1.1",
      "Source": "Repository",
      "Repository": "CRAN",
      "Requirements": [
        "R",
        "cli",
        "curl",
        "digest",
        "jsonlite",
        "lifecycle",
        "openssl",
        "packrat",
        "renv",
        "rlang",
        "rstudioapi",
        "tools",
        "yaml"
      ],
      "Hash": "672fc66985074d17c86b6335105143b8"
    },
    "rstudioapi": {
      "Package": "rstudioapi",
      "Version": "0.15.0",
      "Source": "Repository",
      "Repository": "CRAN",
      "Hash": "5564500e25cffad9e22244ced1379887"
    },
    "sass": {
      "Package": "sass",
      "Version": "0.4.9",
      "Source": "Repository",
      "Repository": "CRAN",
      "Requirements": [
        "R6",
        "fs",
        "htmltools",
        "rappdirs",
        "rlang"
      ],
      "Hash": "d53dbfddf695303ea4ad66f86e99b95d"
    },
    "scales": {
      "Package": "scales",
      "Version": "1.3.0",
      "Source": "Repository",
      "Repository": "CRAN",
      "Requirements": [
        "R",
        "R6",
        "RColorBrewer",
        "cli",
        "farver",
        "glue",
        "labeling",
        "lifecycle",
        "munsell",
        "rlang",
        "viridisLite"
      ],
      "Hash": "c19df082ba346b0ffa6f833e92de34d1"
    },
    "shiny": {
      "Package": "shiny",
      "Version": "1.8.0",
      "Source": "Repository",
      "Repository": "CRAN",
      "Requirements": [
        "R",
        "R6",
        "bslib",
        "cachem",
        "commonmark",
        "crayon",
        "ellipsis",
        "fastmap",
        "fontawesome",
        "glue",
        "grDevices",
        "htmltools",
        "httpuv",
        "jsonlite",
        "later",
        "lifecycle",
        "methods",
        "mime",
        "promises",
        "rlang",
        "sourcetools",
        "tools",
        "utils",
        "withr",
        "xtable"
      ],
      "Hash": "3a1f41807d648a908e3c7f0334bf85e6"
    },
    "shinyBS": {
      "Package": "shinyBS",
      "Version": "0.61.1",
      "Source": "Repository",
      "Repository": "CRAN",
      "Requirements": [
        "htmltools",
        "shiny"
      ],
      "Hash": "e44255f073ecdc26ba6bc2ce3fcf174d"
    },
    "shinyjs": {
      "Package": "shinyjs",
      "Version": "2.1.0",
      "Source": "Repository",
      "Repository": "CRAN",
      "Requirements": [
        "R",
        "digest",
        "jsonlite",
        "shiny"
      ],
      "Hash": "802e4786b353a4bb27116957558548d5"
    },
    "shinythemes": {
      "Package": "shinythemes",
      "Version": "1.2.0",
      "Source": "Repository",
      "Repository": "CRAN",
      "Requirements": [
        "R",
        "shiny"
      ],
      "Hash": "30f0ebc41feba25691073626ff5e2cf4"
    },
    "sourcetools": {
      "Package": "sourcetools",
      "Version": "0.1.7-1",
      "Source": "Repository",
      "Repository": "CRAN",
      "Requirements": [
        "R"
      ],
      "Hash": "5f5a7629f956619d519205ec475fe647"
    },
    "spatial": {
      "Package": "spatial",
      "Version": "7.3-17",
      "Source": "Repository",
      "Repository": "CRAN",
      "Requirements": [
        "R",
        "graphics",
        "stats",
        "utils"
      ],
      "Hash": "1229a01b4ec059e9f2396724f2ec9010"
    },
    "stable": {
      "Package": "stable",
      "Version": "1.1.6",
      "Source": "Repository",
      "Repository": "CRAN",
      "Requirements": [
        "R",
        "rmutil"
      ],
      "Hash": "9348898e2aeea4a23610d8e098b232c2"
    },
    "stabledist": {
      "Package": "stabledist",
      "Version": "0.7-1",
      "Source": "Repository",
      "Repository": "CRAN",
      "Requirements": [
        "R",
        "stats"
      ],
      "Hash": "dfd9740f06248fb6721d38df2e14ed7b"
    },
    "statip": {
      "Package": "statip",
      "Version": "0.2.3",
      "Source": "Repository",
      "Repository": "CRAN",
      "Requirements": [
        "R",
        "clue",
        "graphics",
        "rpart",
        "stats"
      ],
      "Hash": "e8f836ea3cd631116a3dc23e1a452538"
    },
    "statmod": {
      "Package": "statmod",
      "Version": "1.5.0",
      "Source": "Repository",
      "Repository": "CRAN",
      "Requirements": [
        "R",
        "graphics",
        "stats"
      ],
      "Hash": "26e158d12052c279bdd4ba858b80fb1f"
    },
    "stringi": {
      "Package": "stringi",
      "Version": "1.8.3",
      "Source": "Repository",
      "Repository": "CRAN",
      "Requirements": [
        "R",
        "stats",
        "tools",
        "utils"
      ],
      "Hash": "058aebddea264f4c99401515182e656a"
    },
    "stringr": {
      "Package": "stringr",
      "Version": "1.5.1",
      "Source": "Repository",
      "Repository": "CRAN",
      "Requirements": [
        "R",
        "cli",
        "glue",
        "lifecycle",
        "magrittr",
        "rlang",
        "stringi",
        "vctrs"
      ],
      "Hash": "960e2ae9e09656611e0b8214ad543207"
    },
    "sys": {
      "Package": "sys",
      "Version": "3.4.2",
      "Source": "Repository",
      "Repository": "CRAN",
      "Hash": "3a1be13d68d47a8cd0bfd74739ca1555"
    },
    "testthat": {
      "Package": "testthat",
      "Version": "3.2.1",
      "Source": "Repository",
      "Repository": "CRAN",
      "Requirements": [
        "R",
        "R6",
        "brio",
        "callr",
        "cli",
        "desc",
        "digest",
        "evaluate",
        "jsonlite",
        "lifecycle",
        "magrittr",
        "methods",
        "pkgload",
        "praise",
        "processx",
        "ps",
        "rlang",
        "utils",
        "waldo",
        "withr"
      ],
      "Hash": "4767a686ebe986e6cb01d075b3f09729"
    },
    "tibble": {
      "Package": "tibble",
      "Version": "3.2.1",
      "Source": "Repository",
      "Repository": "CRAN",
      "Requirements": [
        "R",
        "fansi",
        "lifecycle",
        "magrittr",
        "methods",
        "pillar",
        "pkgconfig",
        "rlang",
        "utils",
        "vctrs"
      ],
      "Hash": "a84e2cc86d07289b3b6f5069df7a004c"
    },
    "tidyr": {
      "Package": "tidyr",
      "Version": "1.3.1",
      "Source": "Repository",
      "Repository": "CRAN",
      "Requirements": [
        "R",
        "cli",
        "cpp11",
        "dplyr",
        "glue",
        "lifecycle",
        "magrittr",
        "purrr",
        "rlang",
        "stringr",
        "tibble",
        "tidyselect",
        "utils",
        "vctrs"
      ],
      "Hash": "915fb7ce036c22a6a33b5a8adb712eb1"
    },
    "tidyselect": {
      "Package": "tidyselect",
      "Version": "1.2.1",
      "Source": "Repository",
      "Repository": "CRAN",
      "Requirements": [
        "R",
        "cli",
        "glue",
        "lifecycle",
        "rlang",
        "vctrs",
        "withr"
      ],
      "Hash": "829f27b9c4919c16b593794a6344d6c0"
    },
    "timeDate": {
      "Package": "timeDate",
      "Version": "4032.109",
      "Source": "Repository",
      "Repository": "CRAN",
      "Requirements": [
        "R",
        "graphics",
        "methods",
        "stats",
        "utils"
      ],
      "Hash": "fa276a2ec2555d74b4eabf56fba3d209"
    },
    "timeSeries": {
      "Package": "timeSeries",
      "Version": "4032.109",
      "Source": "Repository",
      "Repository": "CRAN",
      "Requirements": [
        "R",
        "grDevices",
        "graphics",
        "methods",
        "stats",
        "timeDate",
        "utils"
      ],
      "Hash": "a6297c793d3c39d0f6bd94d8fcab2e46"
    },
    "tinytex": {
      "Package": "tinytex",
      "Version": "0.50",
      "Source": "Repository",
      "Repository": "CRAN",
      "Requirements": [
        "xfun"
      ],
      "Hash": "be7a76845222ad20adb761f462eed3ea"
    },
    "utf8": {
      "Package": "utf8",
      "Version": "1.2.4",
      "Source": "Repository",
      "Repository": "CRAN",
      "Requirements": [
        "R"
      ],
      "Hash": "62b65c52671e6665f803ff02954446e9"
    },
    "vctrs": {
      "Package": "vctrs",
      "Version": "0.6.5",
      "Source": "Repository",
      "Repository": "CRAN",
      "Requirements": [
        "R",
        "cli",
        "glue",
        "lifecycle",
        "rlang"
      ],
      "Hash": "c03fa420630029418f7e6da3667aac4a"
    },
    "vegan": {
      "Package": "vegan",
      "Version": "2.6-4",
      "Source": "Repository",
      "Repository": "CRAN",
      "Requirements": [
        "MASS",
        "R",
        "cluster",
        "lattice",
        "mgcv",
        "permute"
      ],
      "Hash": "659fe7589b8e0b16baa49043a61a0ce0"
    },
    "viridisLite": {
      "Package": "viridisLite",
      "Version": "0.4.2",
      "Source": "Repository",
      "Repository": "CRAN",
      "Requirements": [
        "R"
      ],
      "Hash": "c826c7c4241b6fc89ff55aaea3fa7491"
    },
    "waldo": {
      "Package": "waldo",
      "Version": "0.5.2",
      "Source": "Repository",
      "Repository": "CRAN",
      "Requirements": [
        "R",
        "cli",
        "diffobj",
        "fansi",
        "glue",
        "methods",
        "rematch2",
        "rlang",
        "tibble"
      ],
      "Hash": "c7d3fd6d29ab077cbac8f0e2751449e6"
    },
    "withr": {
      "Package": "withr",
      "Version": "3.0.0",
      "Source": "Repository",
      "Repository": "CRAN",
      "Requirements": [
        "R",
        "grDevices",
        "graphics"
      ],
      "Hash": "d31b6c62c10dcf11ec530ca6b0dd5d35"
    },
    "xfun": {
      "Package": "xfun",
      "Version": "0.42",
      "Source": "Repository",
      "Repository": "CRAN",
      "Requirements": [
        "grDevices",
        "stats",
        "tools"
      ],
      "Hash": "fd1349170df31f7a10bd98b0189e85af"
    },
    "xtable": {
      "Package": "xtable",
      "Version": "1.8-4",
      "Source": "Repository",
      "Repository": "CRAN",
      "Requirements": [
        "R",
        "stats",
        "utils"
      ],
      "Hash": "b8acdf8af494d9ec19ccb2481a9b11c2"
    },
    "yaml": {
      "Package": "yaml",
      "Version": "2.3.8",
      "Source": "Repository",
      "Repository": "CRAN",
      "Hash": "29240487a071f535f5e5d5a323b7afbd"
    },
    "yulab.utils": {
      "Package": "yulab.utils",
      "Version": "0.1.0",
      "Source": "Repository",
      "Repository": "CRAN",
      "Requirements": [
        "cli",
        "digest",
        "fs",
        "memoise",
        "rlang",
        "stats",
        "tools",
        "utils"
      ],
      "Hash": "792b3c5bc98f04a7d49cbd8c55fe0770"
    }
  }
}
